
Microsoft Visual Studio Solution File, Format Version 12.00
# Visual Studio Version 17
VisualStudioVersion = 17.3.32811.315
MinimumVisualStudioVersion = 10.0.40219.1
Project("{9A19103F-16F7-4668-BE54-9A1E7A4F7556}") = "Product.API", "Product.API\Product.API.csproj", "{140E5E29-3685-412D-A2CA-5D7BC831580A}"
EndProject
Project("{9A19103F-16F7-4668-BE54-9A1E7A4F7556}") = "Vehicle.API", "Vehicle.API\Vehicle.API.csproj", "{736AF55B-708A-4118-AC29-6E81C6D09465}"
EndProject
Project("{FAE04EC0-301F-11D3-BF4B-00C04F79EFBC}") = "VideoGamesWeb", "VideoGamesWeb\VideoGamesWeb.csproj", "{14ED5905-0578-4A8E-907A-CE7B110B9B9E}"
EndProject
Global
	GlobalSection(SolutionConfigurationPlatforms) = preSolution
		Debug|Any CPU = Debug|Any CPU
		Release|Any CPU = Release|Any CPU
	EndGlobalSection
	GlobalSection(ProjectConfigurationPlatforms) = postSolution
		{140E5E29-3685-412D-A2CA-5D7BC831580A}.Debug|Any CPU.ActiveCfg = Debug|Any CPU
		{140E5E29-3685-412D-A2CA-5D7BC831580A}.Debug|Any CPU.Build.0 = Debug|Any CPU
		{140E5E29-3685-412D-A2CA-5D7BC831580A}.Release|Any CPU.ActiveCfg = Release|Any CPU
		{140E5E29-3685-412D-A2CA-5D7BC831580A}.Release|Any CPU.Build.0 = Release|Any CPU
		{736AF55B-708A-4118-AC29-6E81C6D09465}.Debug|Any CPU.ActiveCfg = Debug|Any CPU
		{736AF55B-708A-4118-AC29-6E81C6D09465}.Debug|Any CPU.Build.0 = Debug|Any CPU
		{736AF55B-708A-4118-AC29-6E81C6D09465}.Release|Any CPU.ActiveCfg = Release|Any CPU
		{736AF55B-708A-4118-AC29-6E81C6D09465}.Release|Any CPU.Build.0 = Release|Any CPU
		{14ED5905-0578-4A8E-907A-CE7B110B9B9E}.Debug|Any CPU.ActiveCfg = Debug|Any CPU
		{14ED5905-0578-4A8E-907A-CE7B110B9B9E}.Debug|Any CPU.Build.0 = Debug|Any CPU
		{14ED5905-0578-4A8E-907A-CE7B110B9B9E}.Release|Any CPU.ActiveCfg = Release|Any CPU
		{14ED5905-0578-4A8E-907A-CE7B110B9B9E}.Release|Any CPU.Build.0 = Release|Any CPU
	EndGlobalSection
	GlobalSection(SolutionProperties) = preSolution
		HideSolutionNode = FALSE
	EndGlobalSection
	GlobalSection(ExtensibilityGlobals) = postSolution
		SolutionGuid = {4162909E-487F-4C97-81AC-72B40C4B9471}
	EndGlobalSection
EndGlobal
